
Microsoft Visual Studio Solution File, Format Version 12.00
# Visual Studio Version 17
VisualStudioVersion = 17.3.32929.385
MinimumVisualStudioVersion = 10.0.40219.1
Project("{FAE04EC0-301F-11D3-BF4B-00C04F79EFBC}") = "EventExample", "EventExample\EventExample.csproj", "{094FD81A-2409-4362-B340-CA4B6E7271FC}"
EndProject
Global
	GlobalSection(SolutionConfigurationPlatforms) = preSolution
		Debug|Any CPU = Debug|Any CPU
		Release|Any CPU = Release|Any CPU
	EndGlobalSection
	GlobalSection(ProjectConfigurationPlatforms) = postSolution
		{094FD81A-2409-4362-B340-CA4B6E7271FC}.Debug|Any CPU.ActiveCfg = Debug|Any CPU
		{094FD81A-2409-4362-B340-CA4B6E7271FC}.Debug|Any CPU.Build.0 = Debug|Any CPU
		{094FD81A-2409-4362-B340-CA4B6E7271FC}.Release|Any CPU.ActiveCfg = Release|Any CPU
		{094FD81A-2409-4362-B340-CA4B6E7271FC}.Release|Any CPU.Build.0 = Release|Any CPU
	EndGlobalSection
	GlobalSection(SolutionProperties) = preSolution
		HideSolutionNode = FALSE
	EndGlobalSection
	GlobalSection(ExtensibilityGlobals) = postSolution
		SolutionGuid = {6C9D6BF4-D450-420F-A69D-3B0B60F10C0A}
	EndGlobalSection
EndGlobal
